
Microsoft Visual Studio Solution File, Format Version 12.00
Project("{FAE04EC0-301F-11D3-BF4B-00C04F79EFBC}") = "StaticSiteTool", "StaticSiteTool\StaticSiteTool.csproj", "{2CEF481B-8409-453A-930A-D0D395A2BE0D}"
EndProject
Global
	GlobalSection(SolutionConfigurationPlatforms) = preSolution
		Debug|Any CPU = Debug|Any CPU
		Release|Any CPU = Release|Any CPU
	EndGlobalSection
	GlobalSection(ProjectConfigurationPlatforms) = postSolution
		{2CEF481B-8409-453A-930A-D0D395A2BE0D}.Debug|Any CPU.ActiveCfg = Debug|Any CPU
		{2CEF481B-8409-453A-930A-D0D395A2BE0D}.Debug|Any CPU.Build.0 = Debug|Any CPU
		{2CEF481B-8409-453A-930A-D0D395A2BE0D}.Release|Any CPU.ActiveCfg = Release|Any CPU
		{2CEF481B-8409-453A-930A-D0D395A2BE0D}.Release|Any CPU.Build.0 = Release|Any CPU
	EndGlobalSection
EndGlobal
